PODS:
  - Alamofire (1.1.3)
  - Cartography (0.1.1)
  - FlickrKit (1.0.4)
  - FXBlurView (1.6.3)
  - PWParallaxScrollView (1.1.5)
  - SwiftyJSON (2.1.3)
  - WeatherIconsKit (1.0.0)

DEPENDENCIES:
  - Alamofire (~> 1.1.3)
  - Cartography (~> 0.1)
  - FlickrKit (~> 1.0.4)
  - FXBlurView (~> 1.6.3)
  - PWParallaxScrollView (~> 1.1.5)
  - SwiftyJSON (~> 2.1.3)
  - WeatherIconsKit (from `git@github.com:gscalzo/WeatherIconsKit.git`)

EXTERNAL SOURCES:
  WeatherIconsKit:
    :git: git@github.com:gscalzo/WeatherIconsKit.git

CHECKOUT OPTIONS:
  WeatherIconsKit:
    :commit: effa8476b88010a5ea6d3cfcf5fb81db87ff5bfa
    :git: git@github.com:gscalzo/WeatherIconsKit.git

SPEC CHECKSUMS:
  Alamofire: 4337b1484a062640f8caf6e96f03a511bf137536
  Cartography: e625895e543d2316c782486c3970b30be4271391
  FlickrKit: 1bbc5c91f065fa0d7ce4119c5d5c63a9241eea73
  FXBlurView: abe1046285813c4f6e9008abbc324fc5ab32af90
  PWParallaxScrollView: bf7b67a37a4afc52ff22c2e627a1438a388beba3
  SwiftyJSON: 48be7490a3989a58a3f511cd54167f0a2b466e76
  WeatherIconsKit: 84526a4cdf9da972c2866f24e40360420b1d40bf

COCOAPODS: 0.36.0.beta.1
