// !$*UTF8*$!
{
	archiveVersion = 1;
	classes = {
	};
	objectVersion = 46;
	objects = {

/* Begin PBXBuildFile section */
		AC9D51E1AF3BBC55DE5D3B0C /* Pods_PrettyWeather.framework in Frameworks */ = {isa = PBXBuildFile; fileRef = 593BBA8CA7641638EF550D51 /* Pods_PrettyWeather.framework */; settings = {ATTRIBUTES = (Weak, ); }; };
		EE06F0351A7C4114000A5974 /* Double+Extension.swift in Sources */ = {isa = PBXBuildFile; fileRef = EE06F0341A7C4114000A5974 /* Double+Extension.swift */; };
		EE0D979B1A75A869009D8A2A /* 1.jpg in Resources */ = {isa = PBXBuildFile; fileRef = EE0D97951A75A869009D8A2A /* 1.jpg */; };
		EE0D979C1A75A869009D8A2A /* 2.jpg in Resources */ = {isa = PBXBuildFile; fileRef = EE0D97961A75A869009D8A2A /* 2.jpg */; };
		EE0D979D1A75A869009D8A2A /* 3.jpg in Resources */ = {isa = PBXBuildFile; fileRef = EE0D97971A75A869009D8A2A /* 3.jpg */; };
		EE0D979E1A75A869009D8A2A /* 4.jpg in Resources */ = {isa = PBXBuildFile; fileRef = EE0D97981A75A869009D8A2A /* 4.jpg */; };
		EE0D979F1A75A869009D8A2A /* 5.jpg in Resources */ = {isa = PBXBuildFile; fileRef = EE0D97991A75A869009D8A2A /* 5.jpg */; };
		EE0D97A01A75A869009D8A2A /* 6.jpg in Resources */ = {isa = PBXBuildFile; fileRef = EE0D979A1A75A869009D8A2A /* 6.jpg */; };
		EE0D97A21A75A8C7009D8A2A /* PrettyWeatherViewController.swift in Sources */ = {isa = PBXBuildFile; fileRef = EE0D97A11A75A8C7009D8A2A /* PrettyWeatherViewController.swift */; };
		EE0D97B01A75AADA009D8A2A /* LaunchScreen.xib in Resources */ = {isa = PBXBuildFile; fileRef = EE0D97AF1A75AADA009D8A2A /* LaunchScreen.xib */; };
		EE0D97B41A75B1EA009D8A2A /* CurrentWeatherView.swift in Sources */ = {isa = PBXBuildFile; fileRef = EE0D97B31A75B1EA009D8A2A /* CurrentWeatherView.swift */; };
		EE0D97B61A75B78B009D8A2A /* WeatherDaysForecastView.swift in Sources */ = {isa = PBXBuildFile; fileRef = EE0D97B51A75B78B009D8A2A /* WeatherDaysForecastView.swift */; };
		EE0D97B91A75C07D009D8A2A /* WeatherDatastore.swift in Sources */ = {isa = PBXBuildFile; fileRef = EE0D97B81A75C07D009D8A2A /* WeatherDatastore.swift */; };
		EE0D97BC1A75C12B009D8A2A /* WeatherCondition.swift in Sources */ = {isa = PBXBuildFile; fileRef = EE0D97BB1A75C12B009D8A2A /* WeatherCondition.swift */; };
		EE236E1A1A7C4B4E00FA0A41 /* UiFunctions.swift in Sources */ = {isa = PBXBuildFile; fileRef = EE236E191A7C4B4E00FA0A41 /* UiFunctions.swift */; };
		EE2B20B11A7715EA0055C95F /* FlickrDatastore.swift in Sources */ = {isa = PBXBuildFile; fileRef = EE2B20B01A7715EA0055C95F /* FlickrDatastore.swift */; };
		EE358EE31A76FD3200EF523E /* WeatherHourlyForecastView.swift in Sources */ = {isa = PBXBuildFile; fileRef = EE358EE21A76FD3200EF523E /* WeatherHourlyForecastView.swift */; };
		EE83EB8B1A75A0F9008A6745 /* AppDelegate.swift in Sources */ = {isa = PBXBuildFile; fileRef = EE83EB8A1A75A0F9008A6745 /* AppDelegate.swift */; };
		EE83EB8D1A75A0F9008A6745 /* ViewController.swift in Sources */ = {isa = PBXBuildFile; fileRef = EE83EB8C1A75A0F9008A6745 /* ViewController.swift */; };
		EE83EB921A75A0F9008A6745 /* Images.xcassets in Resources */ = {isa = PBXBuildFile; fileRef = EE83EB911A75A0F9008A6745 /* Images.xcassets */; };
		EE83EBA11A75A0F9008A6745 /* PrettyWeatherTests.swift in Sources */ = {isa = PBXBuildFile; fileRef = EE83EBA01A75A0F9008A6745 /* PrettyWeatherTests.swift */; };
		EE8EBD231A79864B00450D92 /* LocationDatastore.swift in Sources */ = {isa = PBXBuildFile; fileRef = EE8EBD221A79864B00450D92 /* LocationDatastore.swift */; };
		EE972F4B1A770C9C0032AC18 /* WeatherHourForecastView.swift in Sources */ = {isa = PBXBuildFile; fileRef = EE972F4A1A770C9C0032AC18 /* WeatherHourForecastView.swift */; };
/* End PBXBuildFile section */

/* Begin PBXContainerItemProxy section */
		EE83EB9B1A75A0F9008A6745 /* PBXContainerItemProxy */ = {
			isa = PBXContainerItemProxy;
			containerPortal = EE83EB7D1A75A0F9008A6745 /* Project object */;
			proxyType = 1;
			remoteGlobalIDString = EE83EB841A75A0F9008A6745;
			remoteInfo = PrettyWeather;
		};
/* End PBXContainerItemProxy section */

/* Begin PBXFileReference section */
		1172AA04AE84755B17DBEF3F /* Pods-PrettyWeather.debug.xcconfig */ = {isa = PBXFileReference; includeInIndex = 1; lastKnownFileType = text.xcconfig; name = "Pods-PrettyWeather.debug.xcconfig"; path = "Pods/Target Support Files/Pods-PrettyWeather/Pods-PrettyWeather.debug.xcconfig"; sourceTree = "<group>"; };
		593BBA8CA7641638EF550D51 /* Pods_PrettyWeather.framework */ = {isa = PBXFileReference; explicitFileType = wrapper.framework; includeInIndex = 0; path = Pods_PrettyWeather.framework; sourceTree = BUILT_PRODUCTS_DIR; };
		E54F60D0D30AA64299F1D06C /* Pods-PrettyWeather.release.xcconfig */ = {isa = PBXFileReference; includeInIndex = 1; lastKnownFileType = text.xcconfig; name = "Pods-PrettyWeather.release.xcconfig"; path = "Pods/Target Support Files/Pods-PrettyWeather/Pods-PrettyWeather.release.xcconfig"; sourceTree = "<group>"; };
		EE06F0341A7C4114000A5974 /* Double+Extension.swift */ = {isa = PBXFileReference; fileEncoding = 4; lastKnownFileType = sourcecode.swift; path = "Double+Extension.swift"; sourceTree = "<group>"; };
		EE0D97951A75A869009D8A2A /* 1.jpg */ = {isa = PBXFileReference; lastKnownFileType = image.jpeg; path = 1.jpg; sourceTree = "<group>"; };
		EE0D97961A75A869009D8A2A /* 2.jpg */ = {isa = PBXFileReference; lastKnownFileType = image.jpeg; path = 2.jpg; sourceTree = "<group>"; };
		EE0D97971A75A869009D8A2A /* 3.jpg */ = {isa = PBXFileReference; lastKnownFileType = image.jpeg; path = 3.jpg; sourceTree = "<group>"; };
		EE0D97981A75A869009D8A2A /* 4.jpg */ = {isa = PBXFileReference; lastKnownFileType = image.jpeg; path = 4.jpg; sourceTree = "<group>"; };
		EE0D97991A75A869009D8A2A /* 5.jpg */ = {isa = PBXFileReference; lastKnownFileType = image.jpeg; path = 5.jpg; sourceTree = "<group>"; };
		EE0D979A1A75A869009D8A2A /* 6.jpg */ = {isa = PBXFileReference; lastKnownFileType = image.jpeg; path = 6.jpg; sourceTree = "<group>"; };
		EE0D97A11A75A8C7009D8A2A /* PrettyWeatherViewController.swift */ = {isa = PBXFileReference; fileEncoding = 4; lastKnownFileType = sourcecode.swift; path = PrettyWeatherViewController.swift; sourceTree = "<group>"; };
		EE0D97AF1A75AADA009D8A2A /* LaunchScreen.xib */ = {isa = PBXFileReference; fileEncoding = 4; lastKnownFileType = file.xib; path = LaunchScreen.xib; sourceTree = "<group>"; };
		EE0D97B31A75B1EA009D8A2A /* CurrentWeatherView.swift */ = {isa = PBXFileReference; fileEncoding = 4; lastKnownFileType = sourcecode.swift; path = CurrentWeatherView.swift; sourceTree = "<group>"; };
		EE0D97B51A75B78B009D8A2A /* WeatherDaysForecastView.swift */ = {isa = PBXFileReference; fileEncoding = 4; lastKnownFileType = sourcecode.swift; path = WeatherDaysForecastView.swift; sourceTree = "<group>"; };
		EE0D97B81A75C07D009D8A2A /* WeatherDatastore.swift */ = {isa = PBXFileReference; fileEncoding = 4; lastKnownFileType = sourcecode.swift; path = WeatherDatastore.swift; sourceTree = "<group>"; };
		EE0D97BB1A75C12B009D8A2A /* WeatherCondition.swift */ = {isa = PBXFileReference; fileEncoding = 4; lastKnownFileType = sourcecode.swift; path = WeatherCondition.swift; sourceTree = "<group>"; };
		EE236E191A7C4B4E00FA0A41 /* UiFunctions.swift */ = {isa = PBXFileReference; fileEncoding = 4; lastKnownFileType = sourcecode.swift; path = UiFunctions.swift; sourceTree = "<group>"; };
		EE2B20B01A7715EA0055C95F /* FlickrDatastore.swift */ = {isa = PBXFileReference; fileEncoding = 4; lastKnownFileType = sourcecode.swift; path = FlickrDatastore.swift; sourceTree = "<group>"; };
		EE358EE21A76FD3200EF523E /* WeatherHourlyForecastView.swift */ = {isa = PBXFileReference; fileEncoding = 4; lastKnownFileType = sourcecode.swift; path = WeatherHourlyForecastView.swift; sourceTree = "<group>"; };
		EE83EB851A75A0F9008A6745 /* PrettyWeather.app */ = {isa = PBXFileReference; explicitFileType = wrapper.application; includeInIndex = 0; path = PrettyWeather.app; sourceTree = BUILT_PRODUCTS_DIR; };
		EE83EB891A75A0F9008A6745 /* Info.plist */ = {isa = PBXFileReference; lastKnownFileType = text.plist.xml; path = Info.plist; sourceTree = "<group>"; };
		EE83EB8A1A75A0F9008A6745 /* AppDelegate.swift */ = {isa = PBXFileReference; lastKnownFileType = sourcecode.swift; path = AppDelegate.swift; sourceTree = "<group>"; };
		EE83EB8C1A75A0F9008A6745 /* ViewController.swift */ = {isa = PBXFileReference; lastKnownFileType = sourcecode.swift; path = ViewController.swift; sourceTree = "<group>"; };
		EE83EB911A75A0F9008A6745 /* Images.xcassets */ = {isa = PBXFileReference; lastKnownFileType = folder.assetcatalog; path = Images.xcassets; sourceTree = "<group>"; };
		EE83EB9A1A75A0F9008A6745 /* PrettyWeatherTests.xctest */ = {isa = PBXFileReference; explicitFileType = wrapper.cfbundle; includeInIndex = 0; path = PrettyWeatherTests.xctest; sourceTree = BUILT_PRODUCTS_DIR; };
		EE83EB9F1A75A0F9008A6745 /* Info.plist */ = {isa = PBXFileReference; lastKnownFileType = text.plist.xml; path = Info.plist; sourceTree = "<group>"; };
		EE83EBA01A75A0F9008A6745 /* PrettyWeatherTests.swift */ = {isa = PBXFileReference; lastKnownFileType = sourcecode.swift; path = PrettyWeatherTests.swift; sourceTree = "<group>"; };
		EE8EBD221A79864B00450D92 /* LocationDatastore.swift */ = {isa = PBXFileReference; fileEncoding = 4; lastKnownFileType = sourcecode.swift; path = LocationDatastore.swift; sourceTree = "<group>"; };
		EE972F4A1A770C9C0032AC18 /* WeatherHourForecastView.swift */ = {isa = PBXFileReference; fileEncoding = 4; lastKnownFileType = sourcecode.swift; path = WeatherHourForecastView.swift; sourceTree = "<group>"; };
/* End PBXFileReference section */

/* Begin PBXFrameworksBuildPhase section */
		EE83EB821A75A0F9008A6745 /* Frameworks */ = {
			isa = PBXFrameworksBuildPhase;
			buildActionMask = 2147483647;
			files = (
				AC9D51E1AF3BBC55DE5D3B0C /* Pods_PrettyWeather.framework in Frameworks */,
			);
			runOnlyForDeploymentPostprocessing = 0;
		};
		EE83EB971A75A0F9008A6745 /* Frameworks */ = {
			isa = PBXFrameworksBuildPhase;
			buildActionMask = 2147483647;
			files = (
			);
			runOnlyForDeploymentPostprocessing = 0;
		};
/* End PBXFrameworksBuildPhase section */

/* Begin PBXGroup section */
		1CD3458FEB7F75B55A19869F /* Pods */ = {
			isa = PBXGroup;
			children = (
				1172AA04AE84755B17DBEF3F /* Pods-PrettyWeather.debug.xcconfig */,
				E54F60D0D30AA64299F1D06C /* Pods-PrettyWeather.release.xcconfig */,
			);
			name = Pods;
			sourceTree = "<group>";
		};
		56CBA7C5C36485BFC623F2B8 /* Frameworks */ = {
			isa = PBXGroup;
			children = (
				593BBA8CA7641638EF550D51 /* Pods_PrettyWeather.framework */,
			);
			name = Frameworks;
			sourceTree = "<group>";
		};
		EE0D97941A75A869009D8A2A /* Images */ = {
			isa = PBXGroup;
			children = (
				EE0D97951A75A869009D8A2A /* 1.jpg */,
				EE0D97961A75A869009D8A2A /* 2.jpg */,
				EE0D97971A75A869009D8A2A /* 3.jpg */,
				EE0D97981A75A869009D8A2A /* 4.jpg */,
				EE0D97991A75A869009D8A2A /* 5.jpg */,
				EE0D979A1A75A869009D8A2A /* 6.jpg */,
			);
			path = Images;
			sourceTree = "<group>";
		};
		EE0D97B71A75C066009D8A2A /* Datastores */ = {
			isa = PBXGroup;
			children = (
				EE0D97B81A75C07D009D8A2A /* WeatherDatastore.swift */,
				EE2B20B01A7715EA0055C95F /* FlickrDatastore.swift */,
				EE8EBD221A79864B00450D92 /* LocationDatastore.swift */,
			);
			name = Datastores;
			sourceTree = "<group>";
		};
		EE0D97BA1A75C0A3009D8A2A /* Entities */ = {
			isa = PBXGroup;
			children = (
				EE0D97BB1A75C12B009D8A2A /* WeatherCondition.swift */,
			);
			name = Entities;
			sourceTree = "<group>";
		};
		EE83EB7C1A75A0F9008A6745 = {
			isa = PBXGroup;
			children = (
				EE83EB871A75A0F9008A6745 /* PrettyWeather */,
				EE83EB9D1A75A0F9008A6745 /* PrettyWeatherTests */,
				EE83EB861A75A0F9008A6745 /* Products */,
				1CD3458FEB7F75B55A19869F /* Pods */,
				56CBA7C5C36485BFC623F2B8 /* Frameworks */,
			);
			sourceTree = "<group>";
		};
		EE83EB861A75A0F9008A6745 /* Products */ = {
			isa = PBXGroup;
			children = (
				EE83EB851A75A0F9008A6745 /* PrettyWeather.app */,
				EE83EB9A1A75A0F9008A6745 /* PrettyWeatherTests.xctest */,
			);
			name = Products;
			sourceTree = "<group>";
		};
		EE83EB871A75A0F9008A6745 /* PrettyWeather */ = {
			isa = PBXGroup;
			children = (
				EE06F0341A7C4114000A5974 /* Double+Extension.swift */,
				EE0D97BA1A75C0A3009D8A2A /* Entities */,
				EE0D97B71A75C066009D8A2A /* Datastores */,
				EEE92C8F1A75A6E200860DFD /* ViewControllers */,
				EE83EB8A1A75A0F9008A6745 /* AppDelegate.swift */,
				EE83EB8C1A75A0F9008A6745 /* ViewController.swift */,
				EE83EB911A75A0F9008A6745 /* Images.xcassets */,
				EE83EB881A75A0F9008A6745 /* Supporting Files */,
				EE236E191A7C4B4E00FA0A41 /* UiFunctions.swift */,
			);
			path = PrettyWeather;
			sourceTree = "<group>";
		};
		EE83EB881A75A0F9008A6745 /* Supporting Files */ = {
			isa = PBXGroup;
			children = (
				EE0D97941A75A869009D8A2A /* Images */,
				EE83EB891A75A0F9008A6745 /* Info.plist */,
			);
			name = "Supporting Files";
			sourceTree = "<group>";
		};
		EE83EB9D1A75A0F9008A6745 /* PrettyWeatherTests */ = {
			isa = PBXGroup;
			children = (
				EE83EBA01A75A0F9008A6745 /* PrettyWeatherTests.swift */,
				EE83EB9E1A75A0F9008A6745 /* Supporting Files */,
			);
			path = PrettyWeatherTests;
			sourceTree = "<group>";
		};
		EE83EB9E1A75A0F9008A6745 /* Supporting Files */ = {
			isa = PBXGroup;
			children = (
				EE83EB9F1A75A0F9008A6745 /* Info.plist */,
			);
			name = "Supporting Files";
			sourceTree = "<group>";
		};
		EEE92C8F1A75A6E200860DFD /* ViewControllers */ = {
			isa = PBXGroup;
			children = (
				EE0D97AF1A75AADA009D8A2A /* LaunchScreen.xib */,
				EE0D97A11A75A8C7009D8A2A /* PrettyWeatherViewController.swift */,
				EE0D97B31A75B1EA009D8A2A /* CurrentWeatherView.swift */,
				EE0D97B51A75B78B009D8A2A /* WeatherDaysForecastView.swift */,
				EE358EE21A76FD3200EF523E /* WeatherHourlyForecastView.swift */,
				EE972F4A1A770C9C0032AC18 /* WeatherHourForecastView.swift */,
			);
			name = ViewControllers;
			sourceTree = "<group>";
		};
/* End PBXGroup section */

/* Begin PBXNativeTarget section */
		EE83EB841A75A0F9008A6745 /* PrettyWeather */ = {
			isa = PBXNativeTarget;
			buildConfigurationList = EE83EBA41A75A0F9008A6745 /* Build configuration list for PBXNativeTarget "PrettyWeather" */;
			buildPhases = (
				915B806CC81EAA6E30F61289 /* Check Pods Manifest.lock */,
				EE83EB811A75A0F9008A6745 /* Sources */,
				EE83EB821A75A0F9008A6745 /* Frameworks */,
				EE83EB831A75A0F9008A6745 /* Resources */,
				085811214F33127801B37612 /* Copy Pods Resources */,
				C0F4F34E395C7DD1FD940522 /* Embed Pods Frameworks */,
			);
			buildRules = (
			);
			dependencies = (
			);
			name = PrettyWeather;
			productName = PrettyWeather;
			productReference = EE83EB851A75A0F9008A6745 /* PrettyWeather.app */;
			productType = "com.apple.product-type.application";
		};
		EE83EB991A75A0F9008A6745 /* PrettyWeatherTests */ = {
			isa = PBXNativeTarget;
			buildConfigurationList = EE83EBA71A75A0F9008A6745 /* Build configuration list for PBXNativeTarget "PrettyWeatherTests" */;
			buildPhases = (
				EE83EB961A75A0F9008A6745 /* Sources */,
				EE83EB971A75A0F9008A6745 /* Frameworks */,
				EE83EB981A75A0F9008A6745 /* Resources */,
			);
			buildRules = (
			);
			dependencies = (
				EE83EB9C1A75A0F9008A6745 /* PBXTargetDependency */,
			);
			name = PrettyWeatherTests;
			productName = PrettyWeatherTests;
			productReference = EE83EB9A1A75A0F9008A6745 /* PrettyWeatherTests.xctest */;
			productType = "com.apple.product-type.bundle.unit-test";
		};
/* End PBXNativeTarget section */

/* Begin PBXProject section */
		EE83EB7D1A75A0F9008A6745 /* Project object */ = {
			isa = PBXProject;
			attributes = {
				LastUpgradeCheck = 0610;
				ORGANIZATIONNAME = "Effective Code Ltd";
				TargetAttributes = {
					EE83EB841A75A0F9008A6745 = {
						CreatedOnToolsVersion = 6.1.1;
					};
					EE83EB991A75A0F9008A6745 = {
						CreatedOnToolsVersion = 6.1.1;
						TestTargetID = EE83EB841A75A0F9008A6745;
					};
				};
			};
			buildConfigurationList = EE83EB801A75A0F9008A6745 /* Build configuration list for PBXProject "PrettyWeather" */;
			compatibilityVersion = "Xcode 3.2";
			developmentRegion = English;
			hasScannedForEncodings = 0;
			knownRegions = (
				en,
				Base,
			);
			mainGroup = EE83EB7C1A75A0F9008A6745;
			productRefGroup = EE83EB861A75A0F9008A6745 /* Products */;
			projectDirPath = "";
			projectRoot = "";
			targets = (
				EE83EB841A75A0F9008A6745 /* PrettyWeather */,
				EE83EB991A75A0F9008A6745 /* PrettyWeatherTests */,
			);
		};
/* End PBXProject section */

/* Begin PBXResourcesBuildPhase section */
		EE83EB831A75A0F9008A6745 /* Resources */ = {
			isa = PBXResourcesBuildPhase;
			buildActionMask = 2147483647;
			files = (
				EE0D97A01A75A869009D8A2A /* 6.jpg in Resources */,
				EE0D979F1A75A869009D8A2A /* 5.jpg in Resources */,
				EE0D979E1A75A869009D8A2A /* 4.jpg in Resources */,
				EE0D979B1A75A869009D8A2A /* 1.jpg in Resources */,
				EE0D97B01A75AADA009D8A2A /* LaunchScreen.xib in Resources */,
				EE0D979C1A75A869009D8A2A /* 2.jpg in Resources */,
				EE0D979D1A75A869009D8A2A /* 3.jpg in Resources */,
				EE83EB921A75A0F9008A6745 /* Images.xcassets in Resources */,
			);
			runOnlyForDeploymentPostprocessing = 0;
		};
		EE83EB981A75A0F9008A6745 /* Resources */ = {
			isa = PBXResourcesBuildPhase;
			buildActionMask = 2147483647;
			files = (
			);
			runOnlyForDeploymentPostprocessing = 0;
		};
/* End PBXResourcesBuildPhase section */

/* Begin PBXShellScriptBuildPhase section */
		085811214F33127801B37612 /* Copy Pods Resources */ = {
			isa = PBXShellScriptBuildPhase;
			buildActionMask = 2147483647;
			files = (
			);
			inputPaths = (
			);
			name = "Copy Pods Resources";
			outputPaths = (
			);
			runOnlyForDeploymentPostprocessing = 0;
			shellPath = /bin/sh;
			shellScript = "\"${SRCROOT}/Pods/Target Support Files/Pods-PrettyWeather/Pods-PrettyWeather-resources.sh\"\n";
			showEnvVarsInLog = 0;
		};
		915B806CC81EAA6E30F61289 /* Check Pods Manifest.lock */ = {
			isa = PBXShellScriptBuildPhase;
			buildActionMask = 2147483647;
			files = (
			);
			inputPaths = (
			);
			name = "Check Pods Manifest.lock";
			outputPaths = (
			);
			runOnlyForDeploymentPostprocessing = 0;
			shellPath = /bin/sh;
			shellScript = "diff \"${PODS_ROOT}/../Podfile.lock\" \"${PODS_ROOT}/Manifest.lock\" > /dev/null\nif [[ $? != 0 ]] ; then\n    cat << EOM\nerror: The sandbox is not in sync with the Podfile.lock. Run 'pod install' or update your CocoaPods installation.\nEOM\n    exit 1\nfi\n";
			showEnvVarsInLog = 0;
		};
		C0F4F34E395C7DD1FD940522 /* Embed Pods Frameworks */ = {
			isa = PBXShellScriptBuildPhase;
			buildActionMask = 2147483647;
			files = (
			);
			inputPaths = (
			);
			name = "Embed Pods Frameworks";
			outputPaths = (
			);
			runOnlyForDeploymentPostprocessing = 0;
			shellPath = /bin/sh;
			shellScript = "\"${SRCROOT}/Pods/Target Support Files/Pods-PrettyWeather/Pods-PrettyWeather-frameworks.sh\"\n";
			showEnvVarsInLog = 0;
		};
/* End PBXShellScriptBuildPhase section */

/* Begin PBXSourcesBuildPhase section */
		EE83EB811A75A0F9008A6745 /* Sources */ = {
			isa = PBXSourcesBuildPhase;
			buildActionMask = 2147483647;
			files = (
				EE83EB8D1A75A0F9008A6745 /* ViewController.swift in Sources */,
				EE83EB8B1A75A0F9008A6745 /* AppDelegate.swift in Sources */,
				EE0D97B91A75C07D009D8A2A /* WeatherDatastore.swift in Sources */,
				EE8EBD231A79864B00450D92 /* LocationDatastore.swift in Sources */,
				EE0D97B41A75B1EA009D8A2A /* CurrentWeatherView.swift in Sources */,
				EE2B20B11A7715EA0055C95F /* FlickrDatastore.swift in Sources */,
				EE0D97A21A75A8C7009D8A2A /* PrettyWeatherViewController.swift in Sources */,
				EE0D97B61A75B78B009D8A2A /* WeatherDaysForecastView.swift in Sources */,
				EE236E1A1A7C4B4E00FA0A41 /* UiFunctions.swift in Sources */,
				EE06F0351A7C4114000A5974 /* Double+Extension.swift in Sources */,
				EE0D97BC1A75C12B009D8A2A /* WeatherCondition.swift in Sources */,
				EE358EE31A76FD3200EF523E /* WeatherHourlyForecastView.swift in Sources */,
				EE972F4B1A770C9C0032AC18 /* WeatherHourForecastView.swift in Sources */,
			);
			runOnlyForDeploymentPostprocessing = 0;
		};
		EE83EB961A75A0F9008A6745 /* Sources */ = {
			isa = PBXSourcesBuildPhase;
			buildActionMask = 2147483647;
			files = (
				EE83EBA11A75A0F9008A6745 /* PrettyWeatherTests.swift in Sources */,
			);
			runOnlyForDeploymentPostprocessing = 0;
		};
/* End PBXSourcesBuildPhase section */

/* Begin PBXTargetDependency section */
		EE83EB9C1A75A0F9008A6745 /* PBXTargetDependency */ = {
			isa = PBXTargetDependency;
			target = EE83EB841A75A0F9008A6745 /* PrettyWeather */;
			targetProxy = EE83EB9B1A75A0F9008A6745 /* PBXContainerItemProxy */;
		};
/* End PBXTargetDependency section */

/* Begin XCBuildConfiguration section */
		EE83EBA21A75A0F9008A6745 /* Debug */ = {
			isa = XCBuildConfiguration;
			buildSettings = {
				ALWAYS_SEARCH_USER_PATHS = NO;
				CLANG_CXX_LANGUAGE_STANDARD = "gnu++0x";
				CLANG_CXX_LIBRARY = "libc++";
				CLANG_ENABLE_MODULES = YES;
				CLANG_ENABLE_OBJC_ARC = YES;
				CLANG_WARN_BOOL_CONVERSION = YES;
				CLANG_WARN_CONSTANT_CONVERSION = YES;
				CLANG_WARN_DIRECT_OBJC_ISA_USAGE = YES_ERROR;
				CLANG_WARN_EMPTY_BODY = YES;
				CLANG_WARN_ENUM_CONVERSION = YES;
				CLANG_WARN_INT_CONVERSION = YES;
				CLANG_WARN_OBJC_ROOT_CLASS = YES_ERROR;
				CLANG_WARN_UNREACHABLE_CODE = YES;
				CLANG_WARN__DUPLICATE_METHOD_MATCH = YES;
				"CODE_SIGN_IDENTITY[sdk=iphoneos*]" = "iPhone Developer";
				COPY_PHASE_STRIP = NO;
				ENABLE_STRICT_OBJC_MSGSEND = YES;
				GCC_C_LANGUAGE_STANDARD = gnu99;
				GCC_DYNAMIC_NO_PIC = NO;
				GCC_OPTIMIZATION_LEVEL = 0;
				GCC_PREPROCESSOR_DEFINITIONS = (
					"DEBUG=1",
					"$(inherited)",
				);
				GCC_SYMBOLS_PRIVATE_EXTERN = NO;
				GCC_WARN_64_TO_32_BIT_CONVERSION = YES;
				GCC_WARN_ABOUT_RETURN_TYPE = YES_ERROR;
				GCC_WARN_UNDECLARED_SELECTOR = YES;
				GCC_WARN_UNINITIALIZED_AUTOS = YES_AGGRESSIVE;
				GCC_WARN_UNUSED_FUNCTION = YES;
				GCC_WARN_UNUSED_VARIABLE = YES;
				IPHONEOS_DEPLOYMENT_TARGET = 8.1;
				MTL_ENABLE_DEBUG_INFO = YES;
				ONLY_ACTIVE_ARCH = YES;
				SDKROOT = iphoneos;
				SWIFT_OPTIMIZATION_LEVEL = "-Onone";
			};
			name = Debug;
		};
		EE83EBA31A75A0F9008A6745 /* Release */ = {
			isa = XCBuildConfiguration;
			buildSettings = {
				ALWAYS_SEARCH_USER_PATHS = NO;
				CLANG_CXX_LANGUAGE_STANDARD = "gnu++0x";
				CLANG_CXX_LIBRARY = "libc++";
				CLANG_ENABLE_MODULES = YES;
				CLANG_ENABLE_OBJC_ARC = YES;
				CLANG_WARN_BOOL_CONVERSION = YES;
				CLANG_WARN_CONSTANT_CONVERSION = YES;
				CLANG_WARN_DIRECT_OBJC_ISA_USAGE = YES_ERROR;
				CLANG_WARN_EMPTY_BODY = YES;
				CLANG_WARN_ENUM_CONVERSION = YES;
				CLANG_WARN_INT_CONVERSION = YES;
				CLANG_WARN_OBJC_ROOT_CLASS = YES_ERROR;
				CLANG_WARN_UNREACHABLE_CODE = YES;
				CLANG_WARN__DUPLICATE_METHOD_MATCH = YES;
				"CODE_SIGN_IDENTITY[sdk=iphoneos*]" = "iPhone Developer";
				COPY_PHASE_STRIP = YES;
				ENABLE_NS_ASSERTIONS = NO;
				ENABLE_STRICT_OBJC_MSGSEND = YES;
				GCC_C_LANGUAGE_STANDARD = gnu99;
				GCC_WARN_64_TO_32_BIT_CONVERSION = YES;
				GCC_WARN_ABOUT_RETURN_TYPE = YES_ERROR;
				GCC_WARN_UNDECLARED_SELECTOR = YES;
				GCC_WARN_UNINITIALIZED_AUTOS = YES_AGGRESSIVE;
				GCC_WARN_UNUSED_FUNCTION = YES;
				GCC_WARN_UNUSED_VARIABLE = YES;
				IPHONEOS_DEPLOYMENT_TARGET = 8.1;
				MTL_ENABLE_DEBUG_INFO = NO;
				SDKROOT = iphoneos;
				VALIDATE_PRODUCT = YES;
			};
			name = Release;
		};
		EE83EBA51A75A0F9008A6745 /* Debug */ = {
			isa = XCBuildConfiguration;
			baseConfigurationReference = 1172AA04AE84755B17DBEF3F /* Pods-PrettyWeather.debug.xcconfig */;
			buildSettings = {
				ASSETCATALOG_COMPILER_APPICON_NAME = AppIcon;
				INFOPLIST_FILE = PrettyWeather/Info.plist;
				LD_RUNPATH_SEARCH_PATHS = "$(inherited) @executable_path/Frameworks";
				PRODUCT_NAME = "$(TARGET_NAME)";
			};
			name = Debug;
		};
		EE83EBA61A75A0F9008A6745 /* Release */ = {
			isa = XCBuildConfiguration;
			baseConfigurationReference = E54F60D0D30AA64299F1D06C /* Pods-PrettyWeather.release.xcconfig */;
			buildSettings = {
				ASSETCATALOG_COMPILER_APPICON_NAME = AppIcon;
				INFOPLIST_FILE = PrettyWeather/Info.plist;
				LD_RUNPATH_SEARCH_PATHS = "$(inherited) @executable_path/Frameworks";
				PRODUCT_NAME = "$(TARGET_NAME)";
			};
			name = Release;
		};
		EE83EBA81A75A0F9008A6745 /* Debug */ = {
			isa = XCBuildConfiguration;
			buildSettings = {
				BUNDLE_LOADER = "$(TEST_HOST)";
				FRAMEWORK_SEARCH_PATHS = (
					"$(SDKROOT)/Developer/Library/Frameworks",
					"$(inherited)",
				);
				GCC_PREPROCESSOR_DEFINITIONS = (
					"DEBUG=1",
					"$(inherited)",
				);
				INFOPLIST_FILE = PrettyWeatherTests/Info.plist;
				LD_RUNPATH_SEARCH_PATHS = "$(inherited) @executable_path/Frameworks @loader_path/Frameworks";
				PRODUCT_NAME = "$(TARGET_NAME)";
				TEST_HOST = "$(BUILT_PRODUCTS_DIR)/PrettyWeather.app/PrettyWeather";
			};
			name = Debug;
		};
		EE83EBA91A75A0F9008A6745 /* Release */ = {
			isa = XCBuildConfiguration;
			buildSettings = {
				BUNDLE_LOADER = "$(TEST_HOST)";
				FRAMEWORK_SEARCH_PATHS = (
					"$(SDKROOT)/Developer/Library/Frameworks",
					"$(inherited)",
				);
				INFOPLIST_FILE = PrettyWeatherTests/Info.plist;
				LD_RUNPATH_SEARCH_PATHS = "$(inherited) @executable_path/Frameworks @loader_path/Frameworks";
				PRODUCT_NAME = "$(TARGET_NAME)";
				TEST_HOST = "$(BUILT_PRODUCTS_DIR)/PrettyWeather.app/PrettyWeather";
			};
			name = Release;
		};
/* End XCBuildConfiguration section */

/* Begin XCConfigurationList section */
		EE83EB801A75A0F9008A6745 /* Build configuration list for PBXProject "PrettyWeather" */ = {
			isa = XCConfigurationList;
			buildConfigurations = (
				EE83EBA21A75A0F9008A6745 /* Debug */,
				EE83EBA31A75A0F9008A6745 /* Release */,
			);
			defaultConfigurationIsVisible = 0;
			defaultConfigurationName = Release;
		};
		EE83EBA41A75A0F9008A6745 /* Build configuration list for PBXNativeTarget "PrettyWeather" */ = {
			isa = XCConfigurationList;
			buildConfigurations = (
				EE83EBA51A75A0F9008A6745 /* Debug */,
				EE83EBA61A75A0F9008A6745 /* Release */,
			);
			defaultConfigurationIsVisible = 0;
			defaultConfigurationName = Release;
		};
		EE83EBA71A75A0F9008A6745 /* Build configuration list for PBXNativeTarget "PrettyWeatherTests" */ = {
			isa = XCConfigurationList;
			buildConfigurations = (
				EE83EBA81A75A0F9008A6745 /* Debug */,
				EE83EBA91A75A0F9008A6745 /* Release */,
			);
			defaultConfigurationIsVisible = 0;
			defaultConfigurationName = Release;
		};
/* End XCConfigurationList section */
	};
	rootObject = EE83EB7D1A75A0F9008A6745 /* Project object */;
}
